
Microsoft Visual Studio Solution File, Format Version 12.00
# Visual Studio Version 16
VisualStudioVersion = 16.0.31624.102
MinimumVisualStudioVersion = 10.0.40219.1
Project("{8BC9CEB8-8B4A-11D0-8D11-00A0C91BC942}") = "Sort_List_Use_Queue", "Sort_List_Use_Queue\Sort_List_Use_Queue.vcxproj", "{416EB95E-F548-47A6-A4BF-EDB71D164BE7}"
EndProject
Global
	GlobalSection(SolutionConfigurationPlatforms) = preSolution
		Debug|x64 = Debug|x64
		Debug|x86 = Debug|x86
		Release|x64 = Release|x64
		Release|x86 = Release|x86
	EndGlobalSection
	GlobalSection(ProjectConfigurationPlatforms) = postSolution
		{416EB95E-F548-47A6-A4BF-EDB71D164BE7}.Debug|x64.ActiveCfg = Debug|x64
		{416EB95E-F548-47A6-A4BF-EDB71D164BE7}.Debug|x64.Build.0 = Debug|x64
		{416EB95E-F548-47A6-A4BF-EDB71D164BE7}.Debug|x86.ActiveCfg = Debug|Win32
		{416EB95E-F548-47A6-A4BF-EDB71D164BE7}.Debug|x86.Build.0 = Debug|Win32
		{416EB95E-F548-47A6-A4BF-EDB71D164BE7}.Release|x64.ActiveCfg = Release|x64
		{416EB95E-F548-47A6-A4BF-EDB71D164BE7}.Release|x64.Build.0 = Release|x64
		{416EB95E-F548-47A6-A4BF-EDB71D164BE7}.Release|x86.ActiveCfg = Release|Win32
		{416EB95E-F548-47A6-A4BF-EDB71D164BE7}.Release|x86.Build.0 = Release|Win32
	EndGlobalSection
	GlobalSection(SolutionProperties) = preSolution
		HideSolutionNode = FALSE
	EndGlobalSection
	GlobalSection(ExtensibilityGlobals) = postSolution
		SolutionGuid = {77ED076E-A2C2-46C1-BF9C-18ED237502CE}
	EndGlobalSection
EndGlobal
